
Microsoft Visual Studio Solution File, Format Version 12.00
# Visual Studio Version 17
VisualStudioVersion = 17.14.36915.13 d17.14
MinimumVisualStudioVersion = 10.0.40219.1
Project("{FAE04EC0-301F-11D3-BF4B-00C04F79EFBC}") = "OrdersMicrosservice.API", "OrdersMicrosservice.API\OrdersMicrosservice.API.csproj", "{0F53ADFD-928C-456D-8789-033B26434D1A}"
EndProject
Project("{FAE04EC0-301F-11D3-BF4B-00C04F79EFBC}") = "BusinessLogicLayer", "BusinessLayer\BusinessLogicLayer.csproj", "{B812D2E1-90E4-4284-BA62-39A57DF4CD6C}"
EndProject
Project("{FAE04EC0-301F-11D3-BF4B-00C04F79EFBC}") = "DataAccessLayer", "DataAccessLayer\DataAccessLayer.csproj", "{B1D7969B-8615-44C8-B587-FFD5660241A6}"
EndProject
Global
	GlobalSection(SolutionConfigurationPlatforms) = preSolution
		Debug|Any CPU = Debug|Any CPU
		Release|Any CPU = Release|Any CPU
	EndGlobalSection
	GlobalSection(ProjectConfigurationPlatforms) = postSolution
		{0F53ADFD-928C-456D-8789-033B26434D1A}.Debug|Any CPU.ActiveCfg = Debug|Any CPU
		{0F53ADFD-928C-456D-8789-033B26434D1A}.Debug|Any CPU.Build.0 = Debug|Any CPU
		{0F53ADFD-928C-456D-8789-033B26434D1A}.Release|Any CPU.ActiveCfg = Release|Any CPU
		{0F53ADFD-928C-456D-8789-033B26434D1A}.Release|Any CPU.Build.0 = Release|Any CPU
		{B812D2E1-90E4-4284-BA62-39A57DF4CD6C}.Debug|Any CPU.ActiveCfg = Debug|Any CPU
		{B812D2E1-90E4-4284-BA62-39A57DF4CD6C}.Debug|Any CPU.Build.0 = Debug|Any CPU
		{B812D2E1-90E4-4284-BA62-39A57DF4CD6C}.Release|Any CPU.ActiveCfg = Release|Any CPU
		{B812D2E1-90E4-4284-BA62-39A57DF4CD6C}.Release|Any CPU.Build.0 = Release|Any CPU
		{B1D7969B-8615-44C8-B587-FFD5660241A6}.Debug|Any CPU.ActiveCfg = Debug|Any CPU
		{B1D7969B-8615-44C8-B587-FFD5660241A6}.Debug|Any CPU.Build.0 = Debug|Any CPU
		{B1D7969B-8615-44C8-B587-FFD5660241A6}.Release|Any CPU.ActiveCfg = Release|Any CPU
		{B1D7969B-8615-44C8-B587-FFD5660241A6}.Release|Any CPU.Build.0 = Release|Any CPU
	EndGlobalSection
	GlobalSection(SolutionProperties) = preSolution
		HideSolutionNode = FALSE
	EndGlobalSection
	GlobalSection(ExtensibilityGlobals) = postSolution
		SolutionGuid = {60BE7529-0C26-45C8-B9E9-5D6DE99AD90E}
	EndGlobalSection
EndGlobal
